
Microsoft Visual Studio Solution File, Format Version 12.00
# Visual Studio 15
VisualStudioVersion = 15.0.26124.0
MinimumVisualStudioVersion = 15.0.26124.0
Project("{FAE04EC0-301F-11D3-BF4B-00C04F79EFBC}") = "RocketStore.Api", "RocketStore.Api\RocketStore.Api.csproj", "{F204CC26-F3BC-4921-8795-0FEFD00CF707}"
EndProject
Project("{FAE04EC0-301F-11D3-BF4B-00C04F79EFBC}") = "RocketStore.Domain", "RocketStore.Domain\RocketStore.Domain.csproj", "{F6391FBB-42A7-4B3B-813F-FF9F47A0283E}"
EndProject
Project("{FAE04EC0-301F-11D3-BF4B-00C04F79EFBC}") = "RocketStore.Infra", "RocketStore.Infra\RocketStore.Infra.csproj", "{0A4CCB01-C10C-4CB9-B2EE-169303DDE3ED}"
EndProject
Project("{FAE04EC0-301F-11D3-BF4B-00C04F79EFBC}") = "RocketStore.Shared", "RocketStore.Shared\RocketStore.Shared.csproj", "{217FE8A5-88C1-4D65-B76E-CDA2959A87CE}"
EndProject
Project("{FAE04EC0-301F-11D3-BF4B-00C04F79EFBC}") = "RocketStore.Tests", "RocketStore.Tests\RocketStore.Tests.csproj", "{A32865F7-535B-4DFB-B7A7-4216A7265F5B}"
EndProject
Global
	GlobalSection(SolutionConfigurationPlatforms) = preSolution
		Debug|Any CPU = Debug|Any CPU
		Debug|x64 = Debug|x64
		Debug|x86 = Debug|x86
		Release|Any CPU = Release|Any CPU
		Release|x64 = Release|x64
		Release|x86 = Release|x86
	EndGlobalSection
	GlobalSection(SolutionProperties) = preSolution
		HideSolutionNode = FALSE
	EndGlobalSection
	GlobalSection(ProjectConfigurationPlatforms) = postSolution
		{F204CC26-F3BC-4921-8795-0FEFD00CF707}.Debug|Any CPU.ActiveCfg = Debug|Any CPU
		{F204CC26-F3BC-4921-8795-0FEFD00CF707}.Debug|Any CPU.Build.0 = Debug|Any CPU
		{F204CC26-F3BC-4921-8795-0FEFD00CF707}.Debug|x64.ActiveCfg = Debug|x64
		{F204CC26-F3BC-4921-8795-0FEFD00CF707}.Debug|x64.Build.0 = Debug|x64
		{F204CC26-F3BC-4921-8795-0FEFD00CF707}.Debug|x86.ActiveCfg = Debug|x86
		{F204CC26-F3BC-4921-8795-0FEFD00CF707}.Debug|x86.Build.0 = Debug|x86
		{F204CC26-F3BC-4921-8795-0FEFD00CF707}.Release|Any CPU.ActiveCfg = Release|Any CPU
		{F204CC26-F3BC-4921-8795-0FEFD00CF707}.Release|Any CPU.Build.0 = Release|Any CPU
		{F204CC26-F3BC-4921-8795-0FEFD00CF707}.Release|x64.ActiveCfg = Release|x64
		{F204CC26-F3BC-4921-8795-0FEFD00CF707}.Release|x64.Build.0 = Release|x64
		{F204CC26-F3BC-4921-8795-0FEFD00CF707}.Release|x86.ActiveCfg = Release|x86
		{F204CC26-F3BC-4921-8795-0FEFD00CF707}.Release|x86.Build.0 = Release|x86
		{F6391FBB-42A7-4B3B-813F-FF9F47A0283E}.Debug|Any CPU.ActiveCfg = Debug|Any CPU
		{F6391FBB-42A7-4B3B-813F-FF9F47A0283E}.Debug|Any CPU.Build.0 = Debug|Any CPU
		{F6391FBB-42A7-4B3B-813F-FF9F47A0283E}.Debug|x64.ActiveCfg = Debug|x64
		{F6391FBB-42A7-4B3B-813F-FF9F47A0283E}.Debug|x64.Build.0 = Debug|x64
		{F6391FBB-42A7-4B3B-813F-FF9F47A0283E}.Debug|x86.ActiveCfg = Debug|x86
		{F6391FBB-42A7-4B3B-813F-FF9F47A0283E}.Debug|x86.Build.0 = Debug|x86
		{F6391FBB-42A7-4B3B-813F-FF9F47A0283E}.Release|Any CPU.ActiveCfg = Release|Any CPU
		{F6391FBB-42A7-4B3B-813F-FF9F47A0283E}.Release|Any CPU.Build.0 = Release|Any CPU
		{F6391FBB-42A7-4B3B-813F-FF9F47A0283E}.Release|x64.ActiveCfg = Release|x64
		{F6391FBB-42A7-4B3B-813F-FF9F47A0283E}.Release|x64.Build.0 = Release|x64
		{F6391FBB-42A7-4B3B-813F-FF9F47A0283E}.Release|x86.ActiveCfg = Release|x86
		{F6391FBB-42A7-4B3B-813F-FF9F47A0283E}.Release|x86.Build.0 = Release|x86
		{0A4CCB01-C10C-4CB9-B2EE-169303DDE3ED}.Debug|Any CPU.ActiveCfg = Debug|Any CPU
		{0A4CCB01-C10C-4CB9-B2EE-169303DDE3ED}.Debug|Any CPU.Build.0 = Debug|Any CPU
		{0A4CCB01-C10C-4CB9-B2EE-169303DDE3ED}.Debug|x64.ActiveCfg = Debug|x64
		{0A4CCB01-C10C-4CB9-B2EE-169303DDE3ED}.Debug|x64.Build.0 = Debug|x64
		{0A4CCB01-C10C-4CB9-B2EE-169303DDE3ED}.Debug|x86.ActiveCfg = Debug|x86
		{0A4CCB01-C10C-4CB9-B2EE-169303DDE3ED}.Debug|x86.Build.0 = Debug|x86
		{0A4CCB01-C10C-4CB9-B2EE-169303DDE3ED}.Release|Any CPU.ActiveCfg = Release|Any CPU
		{0A4CCB01-C10C-4CB9-B2EE-169303DDE3ED}.Release|Any CPU.Build.0 = Release|Any CPU
		{0A4CCB01-C10C-4CB9-B2EE-169303DDE3ED}.Release|x64.ActiveCfg = Release|x64
		{0A4CCB01-C10C-4CB9-B2EE-169303DDE3ED}.Release|x64.Build.0 = Release|x64
		{0A4CCB01-C10C-4CB9-B2EE-169303DDE3ED}.Release|x86.ActiveCfg = Release|x86
		{0A4CCB01-C10C-4CB9-B2EE-169303DDE3ED}.Release|x86.Build.0 = Release|x86
		{217FE8A5-88C1-4D65-B76E-CDA2959A87CE}.Debug|Any CPU.ActiveCfg = Debug|Any CPU
		{217FE8A5-88C1-4D65-B76E-CDA2959A87CE}.Debug|Any CPU.Build.0 = Debug|Any CPU
		{217FE8A5-88C1-4D65-B76E-CDA2959A87CE}.Debug|x64.ActiveCfg = Debug|x64
		{217FE8A5-88C1-4D65-B76E-CDA2959A87CE}.Debug|x64.Build.0 = Debug|x64
		{217FE8A5-88C1-4D65-B76E-CDA2959A87CE}.Debug|x86.ActiveCfg = Debug|x86
		{217FE8A5-88C1-4D65-B76E-CDA2959A87CE}.Debug|x86.Build.0 = Debug|x86
		{217FE8A5-88C1-4D65-B76E-CDA2959A87CE}.Release|Any CPU.ActiveCfg = Release|Any CPU
		{217FE8A5-88C1-4D65-B76E-CDA2959A87CE}.Release|Any CPU.Build.0 = Release|Any CPU
		{217FE8A5-88C1-4D65-B76E-CDA2959A87CE}.Release|x64.ActiveCfg = Release|x64
		{217FE8A5-88C1-4D65-B76E-CDA2959A87CE}.Release|x64.Build.0 = Release|x64
		{217FE8A5-88C1-4D65-B76E-CDA2959A87CE}.Release|x86.ActiveCfg = Release|x86
		{217FE8A5-88C1-4D65-B76E-CDA2959A87CE}.Release|x86.Build.0 = Release|x86
		{A32865F7-535B-4DFB-B7A7-4216A7265F5B}.Debug|Any CPU.ActiveCfg = Debug|Any CPU
		{A32865F7-535B-4DFB-B7A7-4216A7265F5B}.Debug|Any CPU.Build.0 = Debug|Any CPU
		{A32865F7-535B-4DFB-B7A7-4216A7265F5B}.Debug|x64.ActiveCfg = Debug|x64
		{A32865F7-535B-4DFB-B7A7-4216A7265F5B}.Debug|x64.Build.0 = Debug|x64
		{A32865F7-535B-4DFB-B7A7-4216A7265F5B}.Debug|x86.ActiveCfg = Debug|x86
		{A32865F7-535B-4DFB-B7A7-4216A7265F5B}.Debug|x86.Build.0 = Debug|x86
		{A32865F7-535B-4DFB-B7A7-4216A7265F5B}.Release|Any CPU.ActiveCfg = Release|Any CPU
		{A32865F7-535B-4DFB-B7A7-4216A7265F5B}.Release|Any CPU.Build.0 = Release|Any CPU
		{A32865F7-535B-4DFB-B7A7-4216A7265F5B}.Release|x64.ActiveCfg = Release|x64
		{A32865F7-535B-4DFB-B7A7-4216A7265F5B}.Release|x64.Build.0 = Release|x64
		{A32865F7-535B-4DFB-B7A7-4216A7265F5B}.Release|x86.ActiveCfg = Release|x86
		{A32865F7-535B-4DFB-B7A7-4216A7265F5B}.Release|x86.Build.0 = Release|x86
	EndGlobalSection
EndGlobal
